
Microsoft Visual Studio Solution File, Format Version 12.00
# Visual Studio Version 17
VisualStudioVersion = 17.10.35013.160
MinimumVisualStudioVersion = 10.0.40219.1
Project("{FAE04EC0-301F-11D3-BF4B-00C04F79EFBC}") = "ZDZCodeAPI", "ZDZCodeAPI\ZDZCodeAPI.csproj", "{585ECDDF-F056-4BCA-8AE8-367A17835622}"
EndProject
Global
	GlobalSection(SolutionConfigurationPlatforms) = preSolution
		Debug|Any CPU = Debug|Any CPU
		Release|Any CPU = Release|Any CPU
	EndGlobalSection
	GlobalSection(ProjectConfigurationPlatforms) = postSolution
		{585ECDDF-F056-4BCA-8AE8-367A17835622}.Debug|Any CPU.ActiveCfg = Debug|Any CPU
		{585ECDDF-F056-4BCA-8AE8-367A17835622}.Debug|Any CPU.Build.0 = Debug|Any CPU
		{585ECDDF-F056-4BCA-8AE8-367A17835622}.Release|Any CPU.ActiveCfg = Release|Any CPU
		{585ECDDF-F056-4BCA-8AE8-367A17835622}.Release|Any CPU.Build.0 = Release|Any CPU
	EndGlobalSection
	GlobalSection(SolutionProperties) = preSolution
		HideSolutionNode = FALSE
	EndGlobalSection
	GlobalSection(ExtensibilityGlobals) = postSolution
		SolutionGuid = {53794EAE-D583-4077-B1CF-46B8CDAF784D}
	EndGlobalSection
EndGlobal
